// !$*UTF8*$!
{
	archiveVersion = 1;
	classes = {
	};
	objectVersion = 55;
	objects = {

/* Begin PBXBuildFile section */
		6D84BBE927846B840085E4A9 /* racketmanagementApp.swift in Sources */ = {isa = PBXBuildFile; fileRef = 6D84BBE827846B840085E4A9 /* racketmanagementApp.swift */; };
		6D84BBEB27846B840085E4A9 /* ContentView.swift in Sources */ = {isa = PBXBuildFile; fileRef = 6D84BBEA27846B840085E4A9 /* ContentView.swift */; };
		6D84BBED27846B850085E4A9 /* Assets.xcassets in Resources */ = {isa = PBXBuildFile; fileRef = 6D84BBEC27846B850085E4A9 /* Assets.xcassets */; };
		6D84BBF027846B860085E4A9 /* Preview Assets.xcassets in Resources */ = {isa = PBXBuildFile; fileRef = 6D84BBEF27846B860085E4A9 /* Preview Assets.xcassets */; };
		6D84BBFA27846B860085E4A9 /* racketmanagementTests.swift in Sources */ = {isa = PBXBuildFile; fileRef = 6D84BBF927846B860085E4A9 /* racketmanagementTests.swift */; };
		6D84BC0427846B860085E4A9 /* racketmanagementUITests.swift in Sources */ = {isa = PBXBuildFile; fileRef = 6D84BC0327846B860085E4A9 /* racketmanagementUITests.swift */; };
		6D84BC0627846B860085E4A9 /* racketmanagementUITestsLaunchTests.swift in Sources */ = {isa = PBXBuildFile; fileRef = 6D84BC0527846B860085E4A9 /* racketmanagementUITestsLaunchTests.swift */; };
/* End PBXBuildFile section */

/* Begin PBXContainerItemProxy section */
		6D84BBF627846B860085E4A9 /* PBXContainerItemProxy */ = {
			isa = PBXContainerItemProxy;
			containerPortal = 6D84BBDD27846B840085E4A9 /* Project object */;
			proxyType = 1;
			remoteGlobalIDString = 6D84BBE427846B840085E4A9;
			remoteInfo = racketmanagement;
		};
		6D84BC0027846B860085E4A9 /* PBXContainerItemProxy */ = {
			isa = PBXContainerItemProxy;
			containerPortal = 6D84BBDD27846B840085E4A9 /* Project object */;
			proxyType = 1;
			remoteGlobalIDString = 6D84BBE427846B840085E4A9;
			remoteInfo = racketmanagement;
		};
/* End PBXContainerItemProxy section */

/* Begin PBXFileReference section */
		6D84BBE527846B840085E4A9 /* racketmanagement.app */ = {isa = PBXFileReference; explicitFileType = wrapper.application; includeInIndex = 0; path = racketmanagement.app; sourceTree = BUILT_PRODUCTS_DIR; };
		6D84BBE827846B840085E4A9 /* racketmanagementApp.swift */ = {isa = PBXFileReference; lastKnownFileType = sourcecode.swift; path = racketmanagementApp.swift; sourceTree = "<group>"; };
		6D84BBEA27846B840085E4A9 /* ContentView.swift */ = {isa = PBXFileReference; lastKnownFileType = sourcecode.swift; path = ContentView.swift; sourceTree = "<group>"; };
		6D84BBEC27846B850085E4A9 /* Assets.xcassets */ = {isa = PBXFileReference; lastKnownFileType = folder.assetcatalog; path = Assets.xcassets; sourceTree = "<group>"; };
		6D84BBEF27846B860085E4A9 /* Preview Assets.xcassets */ = {isa = PBXFileReference; lastKnownFileType = folder.assetcatalog; path = "Preview Assets.xcassets"; sourceTree = "<group>"; };
		6D84BBF527846B860085E4A9 /* racketmanagementTests.xctest */ = {isa = PBXFileReference; explicitFileType = wrapper.cfbundle; includeInIndex = 0; path = racketmanagementTests.xctest; sourceTree = BUILT_PRODUCTS_DIR; };
		6D84BBF927846B860085E4A9 /* racketmanagementTests.swift */ = {isa = PBXFileReference; lastKnownFileType = sourcecode.swift; path = racketmanagementTests.swift; sourceTree = "<group>"; };
		6D84BBFF27846B860085E4A9 /* racketmanagementUITests.xctest */ = {isa = PBXFileReference; explicitFileType = wrapper.cfbundle; includeInIndex = 0; path = racketmanagementUITests.xctest; sourceTree = BUILT_PRODUCTS_DIR; };
		6D84BC0327846B860085E4A9 /* racketmanagementUITests.swift */ = {isa = PBXFileReference; lastKnownFileType = sourcecode.swift; path = racketmanagementUITests.swift; sourceTree = "<group>"; };
		6D84BC0527846B860085E4A9 /* racketmanagementUITestsLaunchTests.swift */ = {isa = PBXFileReference; lastKnownFileType = sourcecode.swift; path = racketmanagementUITestsLaunchTests.swift; sourceTree = "<group>"; };
/* End PBXFileReference section */

/* Begin PBXFrameworksBuildPhase section */
		6D84BBE227846B840085E4A9 /* Frameworks */ = {
			isa = PBXFrameworksBuildPhase;
			buildActionMask = 2147483647;
			files = (
			);
			runOnlyForDeploymentPostprocessing = 0;
		};
		6D84BBF227846B860085E4A9 /* Frameworks */ = {
			isa = PBXFrameworksBuildPhase;
			buildActionMask = 2147483647;
			files = (
			);
			runOnlyForDeploymentPostprocessing = 0;
		};
		6D84BBFC27846B860085E4A9 /* Frameworks */ = {
			isa = PBXFrameworksBuildPhase;
			buildActionMask = 2147483647;
			files = (
			);
			runOnlyForDeploymentPostprocessing = 0;
		};
/* End PBXFrameworksBuildPhase section */

/* Begin PBXGroup section */
		6D84BBDC27846B840085E4A9 = {
			isa = PBXGroup;
			children = (
				6D84BBE727846B840085E4A9 /* racketmanagement */,
				6D84BBF827846B860085E4A9 /* racketmanagementTests */,
				6D84BC0227846B860085E4A9 /* racketmanagementUITests */,
				6D84BBE627846B840085E4A9 /* Products */,
			);
			sourceTree = "<group>";
		};
		6D84BBE627846B840085E4A9 /* Products */ = {
			isa = PBXGroup;
			children = (
				6D84BBE527846B840085E4A9 /* racketmanagement.app */,
				6D84BBF527846B860085E4A9 /* racketmanagementTests.xctest */,
				6D84BBFF27846B860085E4A9 /* racketmanagementUITests.xctest */,
			);
			name = Products;
			sourceTree = "<group>";
		};
		6D84BBE727846B840085E4A9 /* racketmanagement */ = {
			isa = PBXGroup;
			children = (
				6D84BBE827846B840085E4A9 /* racketmanagementApp.swift */,
				6D84BBEA27846B840085E4A9 /* ContentView.swift */,
				6D84BBEC27846B850085E4A9 /* Assets.xcassets */,
				6D84BBEE27846B860085E4A9 /* Preview Content */,
			);
			path = racketmanagement;
			sourceTree = "<group>";
		};
		6D84BBEE27846B860085E4A9 /* Preview Content */ = {
			isa = PBXGroup;
			children = (
				6D84BBEF27846B860085E4A9 /* Preview Assets.xcassets */,
			);
			path = "Preview Content";
			sourceTree = "<group>";
		};
		6D84BBF827846B860085E4A9 /* racketmanagementTests */ = {
			isa = PBXGroup;
			children = (
				6D84BBF927846B860085E4A9 /* racketmanagementTests.swift */,
			);
			path = racketmanagementTests;
			sourceTree = "<group>";
		};
		6D84BC0227846B860085E4A9 /* racketmanagementUITests */ = {
			isa = PBXGroup;
			children = (
				6D84BC0327846B860085E4A9 /* racketmanagementUITests.swift */,
				6D84BC0527846B860085E4A9 /* racketmanagementUITestsLaunchTests.swift */,
			);
			path = racketmanagementUITests;
			sourceTree = "<group>";
		};
/* End PBXGroup section */

/* Begin PBXNativeTarget section */
		6D84BBE427846B840085E4A9 /* racketmanagement */ = {
			isa = PBXNativeTarget;
			buildConfigurationList = 6D84BC0927846B860085E4A9 /* Build configuration list for PBXNativeTarget "racketmanagement" */;
			buildPhases = (
				6D84BBE127846B840085E4A9 /* Sources */,
				6D84BBE227846B840085E4A9 /* Frameworks */,
				6D84BBE327846B840085E4A9 /* Resources */,
			);
			buildRules = (
			);
			dependencies = (
			);
			name = racketmanagement;
			productName = racketmanagement;
			productReference = 6D84BBE527846B840085E4A9 /* racketmanagement.app */;
			productType = "com.apple.product-type.application";
		};
		6D84BBF427846B860085E4A9 /* racketmanagementTests */ = {
			isa = PBXNativeTarget;
			buildConfigurationList = 6D84BC0C27846B860085E4A9 /* Build configuration list for PBXNativeTarget "racketmanagementTests" */;
			buildPhases = (
				6D84BBF127846B860085E4A9 /* Sources */,
				6D84BBF227846B860085E4A9 /* Frameworks */,
				6D84BBF327846B860085E4A9 /* Resources */,
			);
			buildRules = (
			);
			dependencies = (
				6D84BBF727846B860085E4A9 /* PBXTargetDependency */,
			);
			name = racketmanagementTests;
			productName = racketmanagementTests;
			productReference = 6D84BBF527846B860085E4A9 /* racketmanagementTests.xctest */;
			productType = "com.apple.product-type.bundle.unit-test";
		};
		6D84BBFE27846B860085E4A9 /* racketmanagementUITests */ = {
			isa = PBXNativeTarget;
			buildConfigurationList = 6D84BC0F27846B860085E4A9 /* Build configuration list for PBXNativeTarget "racketmanagementUITests" */;
			buildPhases = (
				6D84BBFB27846B860085E4A9 /* Sources */,
				6D84BBFC27846B860085E4A9 /* Frameworks */,
				6D84BBFD27846B860085E4A9 /* Resources */,
			);
			buildRules = (
			);
			dependencies = (
				6D84BC0127846B860085E4A9 /* PBXTargetDependency */,
			);
			name = racketmanagementUITests;
			productName = racketmanagementUITests;
			productReference = 6D84BBFF27846B860085E4A9 /* racketmanagementUITests.xctest */;
			productType = "com.apple.product-type.bundle.ui-testing";
		};
/* End PBXNativeTarget section */

/* Begin PBXProject section */
		6D84BBDD27846B840085E4A9 /* Project object */ = {
			isa = PBXProject;
			attributes = {
				BuildIndependentTargetsInParallel = 1;
				LastSwiftUpdateCheck = 1300;
				LastUpgradeCheck = 1300;
				TargetAttributes = {
					6D84BBE427846B840085E4A9 = {
						CreatedOnToolsVersion = 13.0;
					};
					6D84BBF427846B860085E4A9 = {
						CreatedOnToolsVersion = 13.0;
						TestTargetID = 6D84BBE427846B840085E4A9;
					};
					6D84BBFE27846B860085E4A9 = {
						CreatedOnToolsVersion = 13.0;
						TestTargetID = 6D84BBE427846B840085E4A9;
					};
				};
			};
			buildConfigurationList = 6D84BBE027846B840085E4A9 /* Build configuration list for PBXProject "racketmanagement" */;
			compatibilityVersion = "Xcode 13.0";
			developmentRegion = en;
			hasScannedForEncodings = 0;
			knownRegions = (
				en,
				Base,
			);
			mainGroup = 6D84BBDC27846B840085E4A9;
			productRefGroup = 6D84BBE627846B840085E4A9 /* Products */;
			projectDirPath = "";
			projectRoot = "";
			targets = (
				6D84BBE427846B840085E4A9 /* racketmanagement */,
				6D84BBF427846B860085E4A9 /* racketmanagementTests */,
				6D84BBFE27846B860085E4A9 /* racketmanagementUITests */,
			);
		};
/* End PBXProject section */

/* Begin PBXResourcesBuildPhase section */
		6D84BBE327846B840085E4A9 /* Resources */ = {
			isa = PBXResourcesBuildPhase;
			buildActionMask = 2147483647;
			files = (
				6D84BBF027846B860085E4A9 /* Preview Assets.xcassets in Resources */,
				6D84BBED27846B850085E4A9 /* Assets.xcassets in Resources */,
			);
			runOnlyForDeploymentPostprocessing = 0;
		};
		6D84BBF327846B860085E4A9 /* Resources */ = {
			isa = PBXResourcesBuildPhase;
			buildActionMask = 2147483647;
			files = (
			);
			runOnlyForDeploymentPostprocessing = 0;
		};
		6D84BBFD27846B860085E4A9 /* Resources */ = {
			isa = PBXResourcesBuildPhase;
			buildActionMask = 2147483647;
			files = (
			);
			runOnlyForDeploymentPostprocessing = 0;
		};
/* End PBXResourcesBuildPhase section */

/* Begin PBXSourcesBuildPhase section */
		6D84BBE127846B840085E4A9 /* Sources */ = {
			isa = PBXSourcesBuildPhase;
			buildActionMask = 2147483647;
			files = (
				6D84BBEB27846B840085E4A9 /* ContentView.swift in Sources */,
				6D84BBE927846B840085E4A9 /* racketmanagementApp.swift in Sources */,
			);
			runOnlyForDeploymentPostprocessing = 0;
		};
		6D84BBF127846B860085E4A9 /* Sources */ = {
			isa = PBXSourcesBuildPhase;
			buildActionMask = 2147483647;
			files = (
				6D84BBFA27846B860085E4A9 /* racketmanagementTests.swift in Sources */,
			);
			runOnlyForDeploymentPostprocessing = 0;
		};
		6D84BBFB27846B860085E4A9 /* Sources */ = {
			isa = PBXSourcesBuildPhase;
			buildActionMask = 2147483647;
			files = (
				6D84BC0427846B860085E4A9 /* racketmanagementUITests.swift in Sources */,
				6D84BC0627846B860085E4A9 /* racketmanagementUITestsLaunchTests.swift in Sources */,
			);
			runOnlyForDeploymentPostprocessing = 0;
		};
/* End PBXSourcesBuildPhase section */

/* Begin PBXTargetDependency section */
		6D84BBF727846B860085E4A9 /* PBXTargetDependency */ = {
			isa = PBXTargetDependency;
			target = 6D84BBE427846B840085E4A9 /* racketmanagement */;
			targetProxy = 6D84BBF627846B860085E4A9 /* PBXContainerItemProxy */;
		};
		6D84BC0127846B860085E4A9 /* PBXTargetDependency */ = {
			isa = PBXTargetDependency;
			target = 6D84BBE427846B840085E4A9 /* racketmanagement */;
			targetProxy = 6D84BC0027846B860085E4A9 /* PBXContainerItemProxy */;
		};
/* End PBXTargetDependency section */

/* Begin XCBuildConfiguration section */
		6D84BC0727846B860085E4A9 /* Debug */ = {
			isa = XCBuildConfiguration;
			buildSettings = {
				ALWAYS_SEARCH_USER_PATHS = NO;
				CLANG_ANALYZER_NONNULL = YES;
				CLANG_ANALYZER_NUMBER_OBJECT_CONVERSION = YES_AGGRESSIVE;
				CLANG_CXX_LANGUAGE_STANDARD = "gnu++17";
				CLANG_CXX_LIBRARY = "libc++";
				CLANG_ENABLE_MODULES = YES;
				CLANG_ENABLE_OBJC_ARC = YES;
				CLANG_ENABLE_OBJC_WEAK = YES;
				CLANG_WARN_BLOCK_CAPTURE_AUTORELEASING = YES;
				CLANG_WARN_BOOL_CONVERSION = YES;
				CLANG_WARN_COMMA = YES;
				CLANG_WARN_CONSTANT_CONVERSION = YES;
				CLANG_WARN_DEPRECATED_OBJC_IMPLEMENTATIONS = YES;
				CLANG_WARN_DIRECT_OBJC_ISA_USAGE = YES_ERROR;
				CLANG_WARN_DOCUMENTATION_COMMENTS = YES;
				CLANG_WARN_EMPTY_BODY = YES;
				CLANG_WARN_ENUM_CONVERSION = YES;
				CLANG_WARN_INFINITE_RECURSION = YES;
				CLANG_WARN_INT_CONVERSION = YES;
				CLANG_WARN_NON_LITERAL_NULL_CONVERSION = YES;
				CLANG_WARN_OBJC_IMPLICIT_RETAIN_SELF = YES;
				CLANG_WARN_OBJC_LITERAL_CONVERSION = YES;
				CLANG_WARN_OBJC_ROOT_CLASS = YES_ERROR;
				CLANG_WARN_QUOTED_INCLUDE_IN_FRAMEWORK_HEADER = YES;
				CLANG_WARN_RANGE_LOOP_ANALYSIS = YES;
				CLANG_WARN_STRICT_PROTOTYPES = YES;
				CLANG_WARN_SUSPICIOUS_MOVE = YES;
				CLANG_WARN_UNGUARDED_AVAILABILITY = YES_AGGRESSIVE;
				CLANG_WARN_UNREACHABLE_CODE = YES;
				CLANG_WARN__DUPLICATE_METHOD_MATCH = YES;
				COPY_PHASE_STRIP = NO;
				DEBUG_INFORMATION_FORMAT = dwarf;
				ENABLE_STRICT_OBJC_MSGSEND = YES;
				ENABLE_TESTABILITY = YES;
				GCC_C_LANGUAGE_STANDARD = gnu11;
				GCC_DYNAMIC_NO_PIC = NO;
				GCC_NO_COMMON_BLOCKS = YES;
				GCC_OPTIMIZATION_LEVEL = 0;
				GCC_PREPROCESSOR_DEFINITIONS = (
					"DEBUG=1",
					"$(inherited)",
				);
				GCC_WARN_64_TO_32_BIT_CONVERSION = YES;
				GCC_WARN_ABOUT_RETURN_TYPE = YES_ERROR;
				GCC_WARN_UNDECLARED_SELECTOR = YES;
				GCC_WARN_UNINITIALIZED_AUTOS = YES_AGGRESSIVE;
				GCC_WARN_UNUSED_FUNCTION = YES;
				GCC_WARN_UNUSED_VARIABLE = YES;
				IPHONEOS_DEPLOYMENT_TARGET = 15.0;
				MTL_ENABLE_DEBUG_INFO = INCLUDE_SOURCE;
				MTL_FAST_MATH = YES;
				ONLY_ACTIVE_ARCH = YES;
				SDKROOT = iphoneos;
				SWIFT_ACTIVE_COMPILATION_CONDITIONS = DEBUG;
				SWIFT_OPTIMIZATION_LEVEL = "-Onone";
			};
			name = Debug;
		};
		6D84BC0827846B860085E4A9 /* Release */ = {
			isa = XCBuildConfiguration;
			buildSettings = {
				ALWAYS_SEARCH_USER_PATHS = NO;
				CLANG_ANALYZER_NONNULL = YES;
				CLANG_ANALYZER_NUMBER_OBJECT_CONVERSION = YES_AGGRESSIVE;
				CLANG_CXX_LANGUAGE_STANDARD = "gnu++17";
				CLANG_CXX_LIBRARY = "libc++";
				CLANG_ENABLE_MODULES = YES;
				CLANG_ENABLE_OBJC_ARC = YES;
				CLANG_ENABLE_OBJC_WEAK = YES;
				CLANG_WARN_BLOCK_CAPTURE_AUTORELEASING = YES;
				CLANG_WARN_BOOL_CONVERSION = YES;
				CLANG_WARN_COMMA = YES;
				CLANG_WARN_CONSTANT_CONVERSION = YES;
				CLANG_WARN_DEPRECATED_OBJC_IMPLEMENTATIONS = YES;
				CLANG_WARN_DIRECT_OBJC_ISA_USAGE = YES_ERROR;
				CLANG_WARN_DOCUMENTATION_COMMENTS = YES;
				CLANG_WARN_EMPTY_BODY = YES;
				CLANG_WARN_ENUM_CONVERSION = YES;
				CLANG_WARN_INFINITE_RECURSION = YES;
				CLANG_WARN_INT_CONVERSION = YES;
				CLANG_WARN_NON_LITERAL_NULL_CONVERSION = YES;
				CLANG_WARN_OBJC_IMPLICIT_RETAIN_SELF = YES;
				CLANG_WARN_OBJC_LITERAL_CONVERSION = YES;
				CLANG_WARN_OBJC_ROOT_CLASS = YES_ERROR;
				CLANG_WARN_QUOTED_INCLUDE_IN_FRAMEWORK_HEADER = YES;
				CLANG_WARN_RANGE_LOOP_ANALYSIS = YES;
				CLANG_WARN_STRICT_PROTOTYPES = YES;
				CLANG_WARN_SUSPICIOUS_MOVE = YES;
				CLANG_WARN_UNGUARDED_AVAILABILITY = YES_AGGRESSIVE;
				CLANG_WARN_UNREACHABLE_CODE = YES;
				CLANG_WARN__DUPLICATE_METHOD_MATCH = YES;
				COPY_PHASE_STRIP = NO;
				DEBUG_INFORMATION_FORMAT = "dwarf-with-dsym";
				ENABLE_NS_ASSERTIONS = NO;
				ENABLE_STRICT_OBJC_MSGSEND = YES;
				GCC_C_LANGUAGE_STANDARD = gnu11;
				GCC_NO_COMMON_BLOCKS = YES;
				GCC_WARN_64_TO_32_BIT_CONVERSION = YES;
				GCC_WARN_ABOUT_RETURN_TYPE = YES_ERROR;
				GCC_WARN_UNDECLARED_SELECTOR = YES;
				GCC_WARN_UNINITIALIZED_AUTOS = YES_AGGRESSIVE;
				GCC_WARN_UNUSED_FUNCTION = YES;
				GCC_WARN_UNUSED_VARIABLE = YES;
				IPHONEOS_DEPLOYMENT_TARGET = 15.0;
				MTL_ENABLE_DEBUG_INFO = NO;
				MTL_FAST_MATH = YES;
				SDKROOT = iphoneos;
				SWIFT_COMPILATION_MODE = wholemodule;
				SWIFT_OPTIMIZATION_LEVEL = "-O";
				VALIDATE_PRODUCT = YES;
			};
			name = Release;
		};
		6D84BC0A27846B860085E4A9 /* Debug */ = {
			isa = XCBuildConfiguration;
			buildSettings = {
				ASSETCATALOG_COMPILER_APPICON_NAME = AppIcon;
				ASSETCATALOG_COMPILER_GLOBAL_ACCENT_COLOR_NAME = AccentColor;
				CODE_SIGN_STYLE = Automatic;
				CURRENT_PROJECT_VERSION = 1;
				DEVELOPMENT_ASSET_PATHS = "\"racketmanagement/Preview Content\"";
				ENABLE_PREVIEWS = YES;
				GENERATE_INFOPLIST_FILE = YES;
				INFOPLIST_KEY_UIApplicationSceneManifest_Generation = YES;
				INFOPLIST_KEY_UIApplicationSupportsIndirectInputEvents = YES;
				INFOPLIST_KEY_UILaunchScreen_Generation = YES;
				INFOPLIST_KEY_UISupportedInterfaceOrientations_iPad = "UIInterfaceOrientationPortrait UIInterfaceOrientationPortraitUpsideDown UIInterfaceOrientationLandscapeLeft UIInterfaceOrientationLandscapeRight";
				INFOPLIST_KEY_UISupportedInterfaceOrientations_iPhone = "UIInterfaceOrientationPortrait UIInterfaceOrientationLandscapeLeft UIInterfaceOrientationLandscapeRight";
				IPHONEOS_DEPLOYMENT_TARGET = 14.0;
				LD_RUNPATH_SEARCH_PATHS = (
					"$(inherited)",
					"@executable_path/Frameworks",
				);
				MARKETING_VERSION = 1.0;
				PRODUCT_BUNDLE_IDENTIFIER = me.app.racketmanagement;
				PRODUCT_NAME = "$(TARGET_NAME)";
				SWIFT_EMIT_LOC_STRINGS = YES;
				SWIFT_VERSION = 5.0;
				TARGETED_DEVICE_FAMILY = "1,2";
			};
			name = Debug;
		};
		6D84BC0B27846B860085E4A9 /* Release */ = {
			isa = XCBuildConfiguration;
			buildSettings = {
				ASSETCATALOG_COMPILER_APPICON_NAME = AppIcon;
				ASSETCATALOG_COMPILER_GLOBAL_ACCENT_COLOR_NAME = AccentColor;
				CODE_SIGN_STYLE = Automatic;
				CURRENT_PROJECT_VERSION = 1;
				DEVELOPMENT_ASSET_PATHS = "\"racketmanagement/Preview Content\"";
				ENABLE_PREVIEWS = YES;
				GENERATE_INFOPLIST_FILE = YES;
				INFOPLIST_KEY_UIApplicationSceneManifest_Generation = YES;
				INFOPLIST_KEY_UIApplicationSupportsIndirectInputEvents = YES;
				INFOPLIST_KEY_UILaunchScreen_Generation = YES;
				INFOPLIST_KEY_UISupportedInterfaceOrientations_iPad = "UIInterfaceOrientationPortrait UIInterfaceOrientationPortraitUpsideDown UIInterfaceOrientationLandscapeLeft UIInterfaceOrientationLandscapeRight";
				INFOPLIST_KEY_UISupportedInterfaceOrientations_iPhone = "UIInterfaceOrientationPortrait UIInterfaceOrientationLandscapeLeft UIInterfaceOrientationLandscapeRight";
				IPHONEOS_DEPLOYMENT_TARGET = 14.0;
				LD_RUNPATH_SEARCH_PATHS = (
					"$(inherited)",
					"@executable_path/Frameworks",
				);
				MARKETING_VERSION = 1.0;
				PRODUCT_BUNDLE_IDENTIFIER = me.app.racketmanagement;
				PRODUCT_NAME = "$(TARGET_NAME)";
				SWIFT_EMIT_LOC_STRINGS = YES;
				SWIFT_VERSION = 5.0;
				TARGETED_DEVICE_FAMILY = "1,2";
			};
			name = Release;
		};
		6D84BC0D27846B860085E4A9 /* Debug */ = {
			isa = XCBuildConfiguration;
			buildSettings = {
				ALWAYS_EMBED_SWIFT_STANDARD_LIBRARIES = YES;
				BUNDLE_LOADER = "$(TEST_HOST)";
				CODE_SIGN_STYLE = Automatic;
				CURRENT_PROJECT_VERSION = 1;
				GENERATE_INFOPLIST_FILE = YES;
				IPHONEOS_DEPLOYMENT_TARGET = 14.0;
				LD_RUNPATH_SEARCH_PATHS = (
					"$(inherited)",
					"@executable_path/Frameworks",
					"@loader_path/Frameworks",
				);
				MARKETING_VERSION = 1.0;
				PRODUCT_BUNDLE_IDENTIFIER = me.app.racketmanagementTests;
				PRODUCT_NAME = "$(TARGET_NAME)";
				SWIFT_EMIT_LOC_STRINGS = NO;
				SWIFT_VERSION = 5.0;
				TARGETED_DEVICE_FAMILY = "1,2";
				TEST_HOST = "$(BUILT_PRODUCTS_DIR)/racketmanagement.app/racketmanagement";
			};
			name = Debug;
		};
		6D84BC0E27846B860085E4A9 /* Release */ = {
			isa = XCBuildConfiguration;
			buildSettings = {
				ALWAYS_EMBED_SWIFT_STANDARD_LIBRARIES = YES;
				BUNDLE_LOADER = "$(TEST_HOST)";
				CODE_SIGN_STYLE = Automatic;
				CURRENT_PROJECT_VERSION = 1;
				GENERATE_INFOPLIST_FILE = YES;
				IPHONEOS_DEPLOYMENT_TARGET = 14.0;
				LD_RUNPATH_SEARCH_PATHS = (
					"$(inherited)",
					"@executable_path/Frameworks",
					"@loader_path/Frameworks",
				);
				MARKETING_VERSION = 1.0;
				PRODUCT_BUNDLE_IDENTIFIER = me.app.racketmanagementTests;
				PRODUCT_NAME = "$(TARGET_NAME)";
				SWIFT_EMIT_LOC_STRINGS = NO;
				SWIFT_VERSION = 5.0;
				TARGETED_DEVICE_FAMILY = "1,2";
				TEST_HOST = "$(BUILT_PRODUCTS_DIR)/racketmanagement.app/racketmanagement";
			};
			name = Release;
		};
		6D84BC1027846B860085E4A9 /* Debug */ = {
			isa = XCBuildConfiguration;
			buildSettings = {
				ALWAYS_EMBED_SWIFT_STANDARD_LIBRARIES = YES;
				CODE_SIGN_STYLE = Automatic;
				CURRENT_PROJECT_VERSION = 1;
				GENERATE_INFOPLIST_FILE = YES;
				LD_RUNPATH_SEARCH_PATHS = (
					"$(inherited)",
					"@executable_path/Frameworks",
					"@loader_path/Frameworks",
				);
				MARKETING_VERSION = 1.0;
				PRODUCT_BUNDLE_IDENTIFIER = me.app.racketmanagementUITests;
				PRODUCT_NAME = "$(TARGET_NAME)";
				SWIFT_EMIT_LOC_STRINGS = NO;
				SWIFT_VERSION = 5.0;
				TARGETED_DEVICE_FAMILY = "1,2";
				TEST_TARGET_NAME = racketmanagement;
			};
			name = Debug;
		};
		6D84BC1127846B860085E4A9 /* Release */ = {
			isa = XCBuildConfiguration;
			buildSettings = {
				ALWAYS_EMBED_SWIFT_STANDARD_LIBRARIES = YES;
				CODE_SIGN_STYLE = Automatic;
				CURRENT_PROJECT_VERSION = 1;
				GENERATE_INFOPLIST_FILE = YES;
				LD_RUNPATH_SEARCH_PATHS = (
					"$(inherited)",
					"@executable_path/Frameworks",
					"@loader_path/Frameworks",
				);
				MARKETING_VERSION = 1.0;
				PRODUCT_BUNDLE_IDENTIFIER = me.app.racketmanagementUITests;
				PRODUCT_NAME = "$(TARGET_NAME)";
				SWIFT_EMIT_LOC_STRINGS = NO;
				SWIFT_VERSION = 5.0;
				TARGETED_DEVICE_FAMILY = "1,2";
				TEST_TARGET_NAME = racketmanagement;
			};
			name = Release;
		};
/* End XCBuildConfiguration section */

/* Begin XCConfigurationList section */
		6D84BBE027846B840085E4A9 /* Build configuration list for PBXProject "racketmanagement" */ = {
			isa = XCConfigurationList;
			buildConfigurations = (
				6D84BC0727846B860085E4A9 /* Debug */,
				6D84BC0827846B860085E4A9 /* Release */,
			);
			defaultConfigurationIsVisible = 0;
			defaultConfigurationName = Release;
		};
		6D84BC0927846B860085E4A9 /* Build configuration list for PBXNativeTarget "racketmanagement" */ = {
			isa = XCConfigurationList;
			buildConfigurations = (
				6D84BC0A27846B860085E4A9 /* Debug */,
				6D84BC0B27846B860085E4A9 /* Release */,
			);
			defaultConfigurationIsVisible = 0;
			defaultConfigurationName = Release;
		};
		6D84BC0C27846B860085E4A9 /* Build configuration list for PBXNativeTarget "racketmanagementTests" */ = {
			isa = XCConfigurationList;
			buildConfigurations = (
				6D84BC0D27846B860085E4A9 /* Debug */,
				6D84BC0E27846B860085E4A9 /* Release */,
			);
			defaultConfigurationIsVisible = 0;
			defaultConfigurationName = Release;
		};
		6D84BC0F27846B860085E4A9 /* Build configuration list for PBXNativeTarget "racketmanagementUITests" */ = {
			isa = XCConfigurationList;
			buildConfigurations = (
				6D84BC1027846B860085E4A9 /* Debug */,
				6D84BC1127846B860085E4A9 /* Release */,
			);
			defaultConfigurationIsVisible = 0;
			defaultConfigurationName = Release;
		};
/* End XCConfigurationList section */
	};
	rootObject = 6D84BBDD27846B840085E4A9 /* Project object */;
}
